// !$*UTF8*$!
{
	archiveVersion = 1;
	classes = {
	};
	objectVersion = 77;
	objects = {

/* Begin PBXBuildFile section */
		04D6D4CE7FB113D4FC181E60 /* InterstitialAdManager.swift in Sources */ = {isa = PBXBuildFile; fileRef = CAA23AEB801CBBEA17EC2BA4 /* InterstitialAdManager.swift */; };
		06A499BD7E64E9DAB17CB018 /* CreditsWallet.swift in Sources */ = {isa = PBXBuildFile; fileRef = 2B9E63A2BAACED0B2B1A5023 /* CreditsWallet.swift */; };
		0B137E6F0D30F281C540DFD5 /* APIConfig.swift in Sources */ = {isa = PBXBuildFile; fileRef = A3D1EBFD47E2147EC9A1B7F9 /* APIConfig.swift */; };
		1310F8038FE88D13BA7B86A6 /* AppContainer.swift in Sources */ = {isa = PBXBuildFile; fileRef = D1D294D23E60B3F5823E6B72 /* AppContainer.swift */; };
		1E72BA5447F6345FB174AAA8 /* NativeFeedAdView.swift in Sources */ = {isa = PBXBuildFile; fileRef = 7AF5853218B8026D46250679 /* NativeFeedAdView.swift */; };
		21BD1657A9DF78507B1AABB4 /* APIClient.swift in Sources */ = {isa = PBXBuildFile; fileRef = C2B05EDA74C7F2612FA04AC7 /* APIClient.swift */; };
		24A0369B93E781A5B39AD5FB /* SearchView.swift in Sources */ = {isa = PBXBuildFile; fileRef = C46B60FD06793246A347A7D0 /* SearchView.swift */; };
		3242E9FBB6A608F4EFCB4B02 /* AfternaApp.swift in Sources */ = {isa = PBXBuildFile; fileRef = 93C1D6E11BBB8AA8DB9F5947 /* AfternaApp.swift */; };
		3453F7D511E7929DC94F5F19 /* MemoriesView.swift in Sources */ = {isa = PBXBuildFile; fileRef = ECCCE1C232AAC3C68A2B24E9 /* MemoriesView.swift */; };
		3EB6CB1164145F14D3572606 /* TodosView.swift in Sources */ = {isa = PBXBuildFile; fileRef = 0DF5915BCBC34FE481B66702 /* TodosView.swift */; };
		3F21FF001BC972FD9892EAC6 /* AppOpenAdManager.swift in Sources */ = {isa = PBXBuildFile; fileRef = 52D047014D34F14337D79A6F /* AppOpenAdManager.swift */; };
		4DF6A6425C6FC57F1DD4EF55 /* DesignTokens.swift in Sources */ = {isa = PBXBuildFile; fileRef = EA08853B0C13879F716AD617 /* DesignTokens.swift */; };
		567B55905151454ADD349E9A /* ConversationDetailView.swift in Sources */ = {isa = PBXBuildFile; fileRef = A6C633DA25BE269120CE0C91 /* ConversationDetailView.swift */; };
		5FEA58D1F45A4D9311599E13 /* SwiftDataModels.swift in Sources */ = {isa = PBXBuildFile; fileRef = 49AA0F8B3FE1F3C9A3C272A2 /* SwiftDataModels.swift */; };
		605233EACE32264F2BB41F07 /* KeychainTokenStore.swift in Sources */ = {isa = PBXBuildFile; fileRef = 1D6D29349D54B2885BA04521 /* KeychainTokenStore.swift */; };
		6B7690DB21704713FE9FA234 /* AuthService.swift in Sources */ = {isa = PBXBuildFile; fileRef = F7257E6C6953C440AC51D90E /* AuthService.swift */; };
		708F1858463B32EE4A0835C9 /* RewardedAdManager.swift in Sources */ = {isa = PBXBuildFile; fileRef = B74139D27ED0B92B8FE7505B /* RewardedAdManager.swift */; };
		767464FCB93647D42BD5F1CB /* GoogleMobileAds in Frameworks */ = {isa = PBXBuildFile; productRef = E9396FD098A4F35682B8DF77 /* GoogleMobileAds */; };
		7F27D604D5DD875D01D72215 /* RootView.swift in Sources */ = {isa = PBXBuildFile; fileRef = BCE4DFDB62A982D4AA77F85D /* RootView.swift */; };
		801F830E172AD26F302C8447 /* BannerAdView.swift in Sources */ = {isa = PBXBuildFile; fileRef = 8EF11A6A291A75533252CDA0 /* BannerAdView.swift */; };
		885C496AA8EECC2CF0AEC6DA /* AdMobConfig.swift in Sources */ = {isa = PBXBuildFile; fileRef = 6F4023F59DE86227E3C0FA26 /* AdMobConfig.swift */; };
		97AB89CFF829F4B6724E1CBE /* MemoryOrgStore.swift in Sources */ = {isa = PBXBuildFile; fileRef = 65649C7450CB6BE18BCBFA63 /* MemoryOrgStore.swift */; };
		9813F55A4BB5F4821783BCE0 /* AuthView.swift in Sources */ = {isa = PBXBuildFile; fileRef = AF3E71ED868B5E6D08E29C23 /* AuthView.swift */; };
		98864257BCD2AA8211ED21FD /* SupabaseAuthClient.swift in Sources */ = {isa = PBXBuildFile; fileRef = A5D576BBF9ECE0EDA94A8644 /* SupabaseAuthClient.swift */; };
		A0D722F5ED28F2E7DD0321ED /* CreditsSheet.swift in Sources */ = {isa = PBXBuildFile; fileRef = 0DAF613A5DD20916A8A298CA /* CreditsSheet.swift */; };
		AAC73528143209E3CDBC286B /* Models.swift in Sources */ = {isa = PBXBuildFile; fileRef = 4DE789A8A7983A37532D0079 /* Models.swift */; };
		B1359350F307DEA560847413 /* AdMobBootstrap.swift in Sources */ = {isa = PBXBuildFile; fileRef = 79D57E765AC34E2037303165 /* AdMobBootstrap.swift */; };
		BE158D3C327879D0240B72EA /* AuthConfig.swift in Sources */ = {isa = PBXBuildFile; fileRef = F9FA8C532B0608351A44CD27 /* AuthConfig.swift */; };
		C78ACD71ACF290DAABB53FD7 /* FeatureFlags.swift in Sources */ = {isa = PBXBuildFile; fileRef = 2D9532581D6FF12F1244FC11 /* FeatureFlags.swift */; };
		D0DD61E456905F494D209BE6 /* AudioCapturing.swift in Sources */ = {isa = PBXBuildFile; fileRef = 2AAF6DC652EDE0B98A250401 /* AudioCapturing.swift */; };
		D47052B87815B5B90B7B68B8 /* UIKitPresenter.swift in Sources */ = {isa = PBXBuildFile; fileRef = C19453633A33073819714126 /* UIKitPresenter.swift */; };
		D55BECF366407D5FE1350F2F /* UploadOutbox.swift in Sources */ = {isa = PBXBuildFile; fileRef = 5628965E4BE9E8168DE82446 /* UploadOutbox.swift */; };
		D8F09746D4EEC2EC337E829F /* CaptureView.swift in Sources */ = {isa = PBXBuildFile; fileRef = DFE64AA011881C279A62C0E9 /* CaptureView.swift */; };
		DA73AE3843B8BEDB1143713D /* SupabaseDataClient.swift in Sources */ = {isa = PBXBuildFile; fileRef = B3AFDC4121603E8612DF82D0 /* SupabaseDataClient.swift */; };
		E30EBDE26A0AC07E467ACB46 /* SettingsView.swift in Sources */ = {isa = PBXBuildFile; fileRef = 5B44FA24F44034750F0605E2 /* SettingsView.swift */; };
		E3B2636419BAA8DA0B2AFDC9 /* NativeAdManager.swift in Sources */ = {isa = PBXBuildFile; fileRef = 3E21A03C73B9C3D6E6246AD3 /* NativeAdManager.swift */; };
		FBD9634C1BAAC5AD0FD370FD /* SampleDataSeeder.swift in Sources */ = {isa = PBXBuildFile; fileRef = A83315A557290599921EF9E9 /* SampleDataSeeder.swift */; };
/* End PBXBuildFile section */

/* Begin PBXFileReference section */
		0DAF613A5DD20916A8A298CA /* CreditsSheet.swift */ = {isa = PBXFileReference; lastKnownFileType = sourcecode.swift; path = CreditsSheet.swift; sourceTree = "<group>"; };
		0DF5915BCBC34FE481B66702 /* TodosView.swift */ = {isa = PBXFileReference; lastKnownFileType = sourcecode.swift; path = TodosView.swift; sourceTree = "<group>"; };
		1D6D29349D54B2885BA04521 /* KeychainTokenStore.swift */ = {isa = PBXFileReference; lastKnownFileType = sourcecode.swift; path = KeychainTokenStore.swift; sourceTree = "<group>"; };
		2AAF6DC652EDE0B98A250401 /* AudioCapturing.swift */ = {isa = PBXFileReference; lastKnownFileType = sourcecode.swift; path = AudioCapturing.swift; sourceTree = "<group>"; };
		2B9E63A2BAACED0B2B1A5023 /* CreditsWallet.swift */ = {isa = PBXFileReference; lastKnownFileType = sourcecode.swift; path = CreditsWallet.swift; sourceTree = "<group>"; };
		2D9532581D6FF12F1244FC11 /* FeatureFlags.swift */ = {isa = PBXFileReference; lastKnownFileType = sourcecode.swift; path = FeatureFlags.swift; sourceTree = "<group>"; };
		3E21A03C73B9C3D6E6246AD3 /* NativeAdManager.swift */ = {isa = PBXFileReference; lastKnownFileType = sourcecode.swift; path = NativeAdManager.swift; sourceTree = "<group>"; };
		49AA0F8B3FE1F3C9A3C272A2 /* SwiftDataModels.swift */ = {isa = PBXFileReference; lastKnownFileType = sourcecode.swift; path = SwiftDataModels.swift; sourceTree = "<group>"; };
		4DBC18AAAF6226E68004891A /* Afterna.app */ = {isa = PBXFileReference; includeInIndex = 0; lastKnownFileType = wrapper.application; path = Afterna.app; sourceTree = BUILT_PRODUCTS_DIR; };
		4DE789A8A7983A37532D0079 /* Models.swift */ = {isa = PBXFileReference; lastKnownFileType = sourcecode.swift; path = Models.swift; sourceTree = "<group>"; };
		52D047014D34F14337D79A6F /* AppOpenAdManager.swift */ = {isa = PBXFileReference; lastKnownFileType = sourcecode.swift; path = AppOpenAdManager.swift; sourceTree = "<group>"; };
		5628965E4BE9E8168DE82446 /* UploadOutbox.swift */ = {isa = PBXFileReference; lastKnownFileType = sourcecode.swift; path = UploadOutbox.swift; sourceTree = "<group>"; };
		5B44FA24F44034750F0605E2 /* SettingsView.swift */ = {isa = PBXFileReference; lastKnownFileType = sourcecode.swift; path = SettingsView.swift; sourceTree = "<group>"; };
		65649C7450CB6BE18BCBFA63 /* MemoryOrgStore.swift */ = {isa = PBXFileReference; lastKnownFileType = sourcecode.swift; path = MemoryOrgStore.swift; sourceTree = "<group>"; };
		6F4023F59DE86227E3C0FA26 /* AdMobConfig.swift */ = {isa = PBXFileReference; lastKnownFileType = sourcecode.swift; path = AdMobConfig.swift; sourceTree = "<group>"; };
		79D57E765AC34E2037303165 /* AdMobBootstrap.swift */ = {isa = PBXFileReference; lastKnownFileType = sourcecode.swift; path = AdMobBootstrap.swift; sourceTree = "<group>"; };
		7AF5853218B8026D46250679 /* NativeFeedAdView.swift */ = {isa = PBXFileReference; lastKnownFileType = sourcecode.swift; path = NativeFeedAdView.swift; sourceTree = "<group>"; };
		8EF11A6A291A75533252CDA0 /* BannerAdView.swift */ = {isa = PBXFileReference; lastKnownFileType = sourcecode.swift; path = BannerAdView.swift; sourceTree = "<group>"; };
		93C1D6E11BBB8AA8DB9F5947 /* AfternaApp.swift */ = {isa = PBXFileReference; lastKnownFileType = sourcecode.swift; path = AfternaApp.swift; sourceTree = "<group>"; };
		A3D1EBFD47E2147EC9A1B7F9 /* APIConfig.swift */ = {isa = PBXFileReference; lastKnownFileType = sourcecode.swift; path = APIConfig.swift; sourceTree = "<group>"; };
		A5D576BBF9ECE0EDA94A8644 /* SupabaseAuthClient.swift */ = {isa = PBXFileReference; lastKnownFileType = sourcecode.swift; path = SupabaseAuthClient.swift; sourceTree = "<group>"; };
		A6C633DA25BE269120CE0C91 /* ConversationDetailView.swift */ = {isa = PBXFileReference; lastKnownFileType = sourcecode.swift; path = ConversationDetailView.swift; sourceTree = "<group>"; };
		A83315A557290599921EF9E9 /* SampleDataSeeder.swift */ = {isa = PBXFileReference; lastKnownFileType = sourcecode.swift; path = SampleDataSeeder.swift; sourceTree = "<group>"; };
		AF3E71ED868B5E6D08E29C23 /* AuthView.swift */ = {isa = PBXFileReference; lastKnownFileType = sourcecode.swift; path = AuthView.swift; sourceTree = "<group>"; };
		B3AFDC4121603E8612DF82D0 /* SupabaseDataClient.swift */ = {isa = PBXFileReference; lastKnownFileType = sourcecode.swift; path = SupabaseDataClient.swift; sourceTree = "<group>"; };
		B74139D27ED0B92B8FE7505B /* RewardedAdManager.swift */ = {isa = PBXFileReference; lastKnownFileType = sourcecode.swift; path = RewardedAdManager.swift; sourceTree = "<group>"; };
		BCE4DFDB62A982D4AA77F85D /* RootView.swift */ = {isa = PBXFileReference; lastKnownFileType = sourcecode.swift; path = RootView.swift; sourceTree = "<group>"; };
		C19453633A33073819714126 /* UIKitPresenter.swift */ = {isa = PBXFileReference; lastKnownFileType = sourcecode.swift; path = UIKitPresenter.swift; sourceTree = "<group>"; };
		C2B05EDA74C7F2612FA04AC7 /* APIClient.swift */ = {isa = PBXFileReference; lastKnownFileType = sourcecode.swift; path = APIClient.swift; sourceTree = "<group>"; };
		C46B60FD06793246A347A7D0 /* SearchView.swift */ = {isa = PBXFileReference; lastKnownFileType = sourcecode.swift; path = SearchView.swift; sourceTree = "<group>"; };
		CAA23AEB801CBBEA17EC2BA4 /* InterstitialAdManager.swift */ = {isa = PBXFileReference; lastKnownFileType = sourcecode.swift; path = InterstitialAdManager.swift; sourceTree = "<group>"; };
		D1D294D23E60B3F5823E6B72 /* AppContainer.swift */ = {isa = PBXFileReference; lastKnownFileType = sourcecode.swift; path = AppContainer.swift; sourceTree = "<group>"; };
		DFE64AA011881C279A62C0E9 /* CaptureView.swift */ = {isa = PBXFileReference; lastKnownFileType = sourcecode.swift; path = CaptureView.swift; sourceTree = "<group>"; };
		EA08853B0C13879F716AD617 /* DesignTokens.swift */ = {isa = PBXFileReference; lastKnownFileType = sourcecode.swift; path = DesignTokens.swift; sourceTree = "<group>"; };
		ECCCE1C232AAC3C68A2B24E9 /* MemoriesView.swift */ = {isa = PBXFileReference; lastKnownFileType = sourcecode.swift; path = MemoriesView.swift; sourceTree = "<group>"; };
		F7257E6C6953C440AC51D90E /* AuthService.swift */ = {isa = PBXFileReference; lastKnownFileType = sourcecode.swift; path = AuthService.swift; sourceTree = "<group>"; };
		F9FA8C532B0608351A44CD27 /* AuthConfig.swift */ = {isa = PBXFileReference; lastKnownFileType = sourcecode.swift; path = AuthConfig.swift; sourceTree = "<group>"; };
/* End PBXFileReference section */

/* Begin PBXFrameworksBuildPhase section */
		C301E23EDED77B906B91DBB4 /* Frameworks */ = {
			isa = PBXFrameworksBuildPhase;
			buildActionMask = 2147483647;
			files = (
				767464FCB93647D42BD5F1CB /* GoogleMobileAds in Frameworks */,
			);
			runOnlyForDeploymentPostprocessing = 0;
		};
/* End PBXFrameworksBuildPhase section */

/* Begin PBXGroup section */
		0577C16E86E939CC18452E5B /* Ads */ = {
			isa = PBXGroup;
			children = (
				79D57E765AC34E2037303165 /* AdMobBootstrap.swift */,
				6F4023F59DE86227E3C0FA26 /* AdMobConfig.swift */,
				52D047014D34F14337D79A6F /* AppOpenAdManager.swift */,
				8EF11A6A291A75533252CDA0 /* BannerAdView.swift */,
				CAA23AEB801CBBEA17EC2BA4 /* InterstitialAdManager.swift */,
				3E21A03C73B9C3D6E6246AD3 /* NativeAdManager.swift */,
				7AF5853218B8026D46250679 /* NativeFeedAdView.swift */,
				B74139D27ED0B92B8FE7505B /* RewardedAdManager.swift */,
			);
			path = Ads;
			sourceTree = "<group>";
		};
		0D736677E0ABE4A3EC321F5C /* local */ = {
			isa = PBXGroup;
			children = (
				1F9CBD8E6527FA6CFBF07544 /* ConversationCore */,
			);
			path = local;
			sourceTree = "<group>";
		};
		119C0154F0A6C508D85B67D5 /* ConversationCore */ = {
			isa = PBXGroup;
			children = (
				C2B05EDA74C7F2612FA04AC7 /* APIClient.swift */,
				2D9532581D6FF12F1244FC11 /* FeatureFlags.swift */,
				4DE789A8A7983A37532D0079 /* Models.swift */,
				5628965E4BE9E8168DE82446 /* UploadOutbox.swift */,
			);
			path = ConversationCore;
			sourceTree = "<group>";
		};
		1F9CBD8E6527FA6CFBF07544 /* ConversationCore */ = {
			isa = PBXGroup;
			children = (
				9509AA0600A522C8C2012A3C /* Sources */,
			);
			path = ConversationCore;
			sourceTree = "<group>";
		};
		228A739515EA4A1530BB47B8 /* Core */ = {
			isa = PBXGroup;
			children = (
				A83315A557290599921EF9E9 /* SampleDataSeeder.swift */,
				8F519B5832CE8569354D74E8 /* Models */,
			);
			path = Core;
			sourceTree = "<group>";
		};
		3C24F82722479E182C8CFC8B /* Credits */ = {
			isa = PBXGroup;
			children = (
				0DAF613A5DD20916A8A298CA /* CreditsSheet.swift */,
				2B9E63A2BAACED0B2B1A5023 /* CreditsWallet.swift */,
			);
			path = Credits;
			sourceTree = "<group>";
		};
		3C549DA9D0CEA3B68B29F0DC /* Todos */ = {
			isa = PBXGroup;
			children = (
				0DF5915BCBC34FE481B66702 /* TodosView.swift */,
			);
			path = Todos;
			sourceTree = "<group>";
		};
		3D9D9F5F11A11981CC13102D /* Features */ = {
			isa = PBXGroup;
			children = (
				788CF7A074DF5CF233C82CBB /* Capture */,
				A1F747C604E900BF3F62A3AF /* Detail */,
				BCDC436B4255CF82D21E6CA3 /* Memories */,
				4034E01FBDCCA5ED0140EC56 /* Search */,
				48AE3FC444B6A6205CC20508 /* Settings */,
				3C549DA9D0CEA3B68B29F0DC /* Todos */,
			);
			path = Features;
			sourceTree = "<group>";
		};
		3F6607EB3EA59EFB441B442D /* Audio */ = {
			isa = PBXGroup;
			children = (
				2AAF6DC652EDE0B98A250401 /* AudioCapturing.swift */,
			);
			path = Audio;
			sourceTree = "<group>";
		};
		4034E01FBDCCA5ED0140EC56 /* Search */ = {
			isa = PBXGroup;
			children = (
				C46B60FD06793246A347A7D0 /* SearchView.swift */,
			);
			path = Search;
			sourceTree = "<group>";
		};
		431EBD1FA8DCFF354737A9D7 /* Sync */ = {
			isa = PBXGroup;
			children = (
				65649C7450CB6BE18BCBFA63 /* MemoryOrgStore.swift */,
				B3AFDC4121603E8612DF82D0 /* SupabaseDataClient.swift */,
			);
			path = Sync;
			sourceTree = "<group>";
		};
		4489FE2F6F95FCA8A02046BE /* App */ = {
			isa = PBXGroup;
			children = (
				A3D1EBFD47E2147EC9A1B7F9 /* APIConfig.swift */,
				D1D294D23E60B3F5823E6B72 /* AppContainer.swift */,
				EA08853B0C13879F716AD617 /* DesignTokens.swift */,
				BCE4DFDB62A982D4AA77F85D /* RootView.swift */,
			);
			path = App;
			sourceTree = "<group>";
		};
		48AE3FC444B6A6205CC20508 /* Settings */ = {
			isa = PBXGroup;
			children = (
				5B44FA24F44034750F0605E2 /* SettingsView.swift */,
			);
			path = Settings;
			sourceTree = "<group>";
		};
		6B9621A6585A247707582DB2 /* Afterna */ = {
			isa = PBXGroup;
			children = (
				93C1D6E11BBB8AA8DB9F5947 /* AfternaApp.swift */,
				0577C16E86E939CC18452E5B /* Ads */,
				4489FE2F6F95FCA8A02046BE /* App */,
				3F6607EB3EA59EFB441B442D /* Audio */,
				E33ED26C9DAC8C54687BBD47 /* Auth */,
				228A739515EA4A1530BB47B8 /* Core */,
				3C24F82722479E182C8CFC8B /* Credits */,
				3D9D9F5F11A11981CC13102D /* Features */,
				431EBD1FA8DCFF354737A9D7 /* Sync */,
			);
			path = Afterna;
			sourceTree = "<group>";
		};
		788CF7A074DF5CF233C82CBB /* Capture */ = {
			isa = PBXGroup;
			children = (
				DFE64AA011881C279A62C0E9 /* CaptureView.swift */,
			);
			path = Capture;
			sourceTree = "<group>";
		};
		8F519B5832CE8569354D74E8 /* Models */ = {
			isa = PBXGroup;
			children = (
				49AA0F8B3FE1F3C9A3C272A2 /* SwiftDataModels.swift */,
			);
			path = Models;
			sourceTree = "<group>";
		};
		9509AA0600A522C8C2012A3C /* Sources */ = {
			isa = PBXGroup;
			children = (
				119C0154F0A6C508D85B67D5 /* ConversationCore */,
			);
			path = Sources;
			sourceTree = "<group>";
		};
		A1F747C604E900BF3F62A3AF /* Detail */ = {
			isa = PBXGroup;
			children = (
				A6C633DA25BE269120CE0C91 /* ConversationDetailView.swift */,
			);
			path = Detail;
			sourceTree = "<group>";
		};
		AD4F1DD888B7BCDCD6E12C3F /* Products */ = {
			isa = PBXGroup;
			children = (
				4DBC18AAAF6226E68004891A /* Afterna.app */,
			);
			name = Products;
			sourceTree = "<group>";
		};
		BCDC436B4255CF82D21E6CA3 /* Memories */ = {
			isa = PBXGroup;
			children = (
				ECCCE1C232AAC3C68A2B24E9 /* MemoriesView.swift */,
			);
			path = Memories;
			sourceTree = "<group>";
		};
		C6427EFD34E9BC77E4076D92 = {
			isa = PBXGroup;
			children = (
				6B9621A6585A247707582DB2 /* Afterna */,
				0D736677E0ABE4A3EC321F5C /* local */,
				AD4F1DD888B7BCDCD6E12C3F /* Products */,
			);
			sourceTree = "<group>";
		};
		E33ED26C9DAC8C54687BBD47 /* Auth */ = {
			isa = PBXGroup;
			children = (
				F9FA8C532B0608351A44CD27 /* AuthConfig.swift */,
				F7257E6C6953C440AC51D90E /* AuthService.swift */,
				AF3E71ED868B5E6D08E29C23 /* AuthView.swift */,
				1D6D29349D54B2885BA04521 /* KeychainTokenStore.swift */,
				A5D576BBF9ECE0EDA94A8644 /* SupabaseAuthClient.swift */,
				C19453633A33073819714126 /* UIKitPresenter.swift */,
			);
			path = Auth;
			sourceTree = "<group>";
		};
/* End PBXGroup section */

/* Begin PBXNativeTarget section */
		131EB83A278CB9A3FF1FAE10 /* Afterna */ = {
			isa = PBXNativeTarget;
			buildConfigurationList = 73A0376EF89AB49272C019B3 /* Build configuration list for PBXNativeTarget "Afterna" */;
			buildPhases = (
				20FD604C90F96CFB6D8360D3 /* Sources */,
				C301E23EDED77B906B91DBB4 /* Frameworks */,
			);
			buildRules = (
			);
			dependencies = (
			);
			name = Afterna;
			packageProductDependencies = (
				E9396FD098A4F35682B8DF77 /* GoogleMobileAds */,
			);
			productName = Afterna;
			productReference = 4DBC18AAAF6226E68004891A /* Afterna.app */;
			productType = "com.apple.product-type.application";
		};
/* End PBXNativeTarget section */

/* Begin PBXProject section */
		7F47E932FC1EB0F9A85E9E58 /* Project object */ = {
			isa = PBXProject;
			attributes = {
				BuildIndependentTargetsInParallel = YES;
				LastUpgradeCheck = 1430;
				TargetAttributes = {
				};
			};
			buildConfigurationList = D98CF0C2CFEE99A51AAFBEC2 /* Build configuration list for PBXProject "Afterna" */;
			developmentRegion = en;
			hasScannedForEncodings = 0;
			knownRegions = (
				Base,
				en,
			);
			mainGroup = C6427EFD34E9BC77E4076D92;
			minimizedProjectReferenceProxies = 1;
			packageReferences = (
				F84F4F0B9018224ADB7227AE /* XCRemoteSwiftPackageReference "swift-package-manager-google-mobile-ads" */,
			);
			preferredProjectObjectVersion = 77;
			productRefGroup = AD4F1DD888B7BCDCD6E12C3F /* Products */;
			projectDirPath = "";
			projectRoot = "";
			targets = (
				131EB83A278CB9A3FF1FAE10 /* Afterna */,
			);
		};
/* End PBXProject section */

/* Begin PBXSourcesBuildPhase section */
		20FD604C90F96CFB6D8360D3 /* Sources */ = {
			isa = PBXSourcesBuildPhase;
			buildActionMask = 2147483647;
			files = (
				21BD1657A9DF78507B1AABB4 /* APIClient.swift in Sources */,
				0B137E6F0D30F281C540DFD5 /* APIConfig.swift in Sources */,
				B1359350F307DEA560847413 /* AdMobBootstrap.swift in Sources */,
				885C496AA8EECC2CF0AEC6DA /* AdMobConfig.swift in Sources */,
				3242E9FBB6A608F4EFCB4B02 /* AfternaApp.swift in Sources */,
				1310F8038FE88D13BA7B86A6 /* AppContainer.swift in Sources */,
				3F21FF001BC972FD9892EAC6 /* AppOpenAdManager.swift in Sources */,
				D0DD61E456905F494D209BE6 /* AudioCapturing.swift in Sources */,
				BE158D3C327879D0240B72EA /* AuthConfig.swift in Sources */,
				6B7690DB21704713FE9FA234 /* AuthService.swift in Sources */,
				9813F55A4BB5F4821783BCE0 /* AuthView.swift in Sources */,
				801F830E172AD26F302C8447 /* BannerAdView.swift in Sources */,
				D8F09746D4EEC2EC337E829F /* CaptureView.swift in Sources */,
				567B55905151454ADD349E9A /* ConversationDetailView.swift in Sources */,
				A0D722F5ED28F2E7DD0321ED /* CreditsSheet.swift in Sources */,
				06A499BD7E64E9DAB17CB018 /* CreditsWallet.swift in Sources */,
				4DF6A6425C6FC57F1DD4EF55 /* DesignTokens.swift in Sources */,
				C78ACD71ACF290DAABB53FD7 /* FeatureFlags.swift in Sources */,
				04D6D4CE7FB113D4FC181E60 /* InterstitialAdManager.swift in Sources */,
				605233EACE32264F2BB41F07 /* KeychainTokenStore.swift in Sources */,
				3453F7D511E7929DC94F5F19 /* MemoriesView.swift in Sources */,
				97AB89CFF829F4B6724E1CBE /* MemoryOrgStore.swift in Sources */,
				AAC73528143209E3CDBC286B /* Models.swift in Sources */,
				E3B2636419BAA8DA0B2AFDC9 /* NativeAdManager.swift in Sources */,
				1E72BA5447F6345FB174AAA8 /* NativeFeedAdView.swift in Sources */,
				708F1858463B32EE4A0835C9 /* RewardedAdManager.swift in Sources */,
				7F27D604D5DD875D01D72215 /* RootView.swift in Sources */,
				FBD9634C1BAAC5AD0FD370FD /* SampleDataSeeder.swift in Sources */,
				24A0369B93E781A5B39AD5FB /* SearchView.swift in Sources */,
				E30EBDE26A0AC07E467ACB46 /* SettingsView.swift in Sources */,
				98864257BCD2AA8211ED21FD /* SupabaseAuthClient.swift in Sources */,
				DA73AE3843B8BEDB1143713D /* SupabaseDataClient.swift in Sources */,
				5FEA58D1F45A4D9311599E13 /* SwiftDataModels.swift in Sources */,
				3EB6CB1164145F14D3572606 /* TodosView.swift in Sources */,
				D47052B87815B5B90B7B68B8 /* UIKitPresenter.swift in Sources */,
				D55BECF366407D5FE1350F2F /* UploadOutbox.swift in Sources */,
			);
			runOnlyForDeploymentPostprocessing = 0;
		};
/* End PBXSourcesBuildPhase section */

/* Begin XCBuildConfiguration section */
		65FD7A4EFA6664C78CFBB04C /* Release */ = {
			isa = XCBuildConfiguration;
			buildSettings = {
				IPHONEOS_DEPLOYMENT_TARGET = 17.0;
				ONLY_ACTIVE_ARCH = YES;
				SDKROOT = iphoneos;
				SWIFT_VERSION = 5.0;
				TARGETED_DEVICE_FAMILY = 1;
			};
			name = Release;
		};
		7A58A8BB6F48AFCB7B631292 /* Release */ = {
			isa = XCBuildConfiguration;
			buildSettings = {
				CODE_SIGN_ENTITLEMENTS = Afterna/Afterna.entitlements;
				CURRENT_PROJECT_VERSION = 1;
				GENERATE_INFOPLIST_FILE = YES;
				INFOPLIST_FILE = Afterna/Info.plist;
				INFOPLIST_KEY_CFBundleDisplayName = Afterna;
				INFOPLIST_KEY_NSMicrophoneUsageDescription = "Afterna records conversations you choose to capture.";
				INFOPLIST_KEY_UIApplicationSceneManifest_Generation = YES;
				INFOPLIST_KEY_UILaunchScreen_Generation = YES;
				INFOPLIST_KEY_UISupportedInterfaceOrientations = UIInterfaceOrientationPortrait;
				IPHONEOS_DEPLOYMENT_TARGET = 17.0;
				MARKETING_VERSION = 0.1.0;
				ONLY_ACTIVE_ARCH = YES;
				OTHER_LDFLAGS = (
					"$(inherited)",
					"-ObjC",
				);
				PRODUCT_BUNDLE_IDENTIFIER = app.afterna.ios;
				PRODUCT_NAME = Afterna;
				SWIFT_VERSION = 5.0;
				TARGETED_DEVICE_FAMILY = 1;
			};
			name = Release;
		};
		C6118CF97D69261121D6B174 /* Debug */ = {
			isa = XCBuildConfiguration;
			buildSettings = {
				IPHONEOS_DEPLOYMENT_TARGET = 17.0;
				ONLY_ACTIVE_ARCH = YES;
				SDKROOT = iphoneos;
				SWIFT_VERSION = 5.0;
				TARGETED_DEVICE_FAMILY = 1;
			};
			name = Debug;
		};
		CB074DA5CC01C576AEA29898 /* Debug */ = {
			isa = XCBuildConfiguration;
			buildSettings = {
				CODE_SIGN_ENTITLEMENTS = Afterna/Afterna.entitlements;
				CURRENT_PROJECT_VERSION = 1;
				GENERATE_INFOPLIST_FILE = YES;
				INFOPLIST_FILE = Afterna/Info.plist;
				INFOPLIST_KEY_CFBundleDisplayName = Afterna;
				INFOPLIST_KEY_NSMicrophoneUsageDescription = "Afterna records conversations you choose to capture.";
				INFOPLIST_KEY_UIApplicationSceneManifest_Generation = YES;
				INFOPLIST_KEY_UILaunchScreen_Generation = YES;
				INFOPLIST_KEY_UISupportedInterfaceOrientations = UIInterfaceOrientationPortrait;
				IPHONEOS_DEPLOYMENT_TARGET = 17.0;
				MARKETING_VERSION = 0.1.0;
				ONLY_ACTIVE_ARCH = YES;
				OTHER_LDFLAGS = (
					"$(inherited)",
					"-ObjC",
				);
				PRODUCT_BUNDLE_IDENTIFIER = app.afterna.ios;
				PRODUCT_NAME = Afterna;
				SWIFT_VERSION = 5.0;
				TARGETED_DEVICE_FAMILY = 1;
			};
			name = Debug;
		};
/* End XCBuildConfiguration section */

/* Begin XCConfigurationList section */
		73A0376EF89AB49272C019B3 /* Build configuration list for PBXNativeTarget "Afterna" */ = {
			isa = XCConfigurationList;
			buildConfigurations = (
				CB074DA5CC01C576AEA29898 /* Debug */,
				7A58A8BB6F48AFCB7B631292 /* Release */,
			);
			defaultConfigurationIsVisible = 0;
			defaultConfigurationName = Debug;
		};
		D98CF0C2CFEE99A51AAFBEC2 /* Build configuration list for PBXProject "Afterna" */ = {
			isa = XCConfigurationList;
			buildConfigurations = (
				C6118CF97D69261121D6B174 /* Debug */,
				65FD7A4EFA6664C78CFBB04C /* Release */,
			);
			defaultConfigurationIsVisible = 0;
			defaultConfigurationName = Debug;
		};
/* End XCConfigurationList section */

/* Begin XCRemoteSwiftPackageReference section */
		F84F4F0B9018224ADB7227AE /* XCRemoteSwiftPackageReference "swift-package-manager-google-mobile-ads" */ = {
			isa = XCRemoteSwiftPackageReference;
			repositoryURL = "https://github.com/googleads/swift-package-manager-google-mobile-ads.git";
			requirement = {
				kind = upToNextMajorVersion;
				minimumVersion = 12.0.0;
			};
		};
/* End XCRemoteSwiftPackageReference section */

/* Begin XCSwiftPackageProductDependency section */
		E9396FD098A4F35682B8DF77 /* GoogleMobileAds */ = {
			isa = XCSwiftPackageProductDependency;
			package = F84F4F0B9018224ADB7227AE /* XCRemoteSwiftPackageReference "swift-package-manager-google-mobile-ads" */;
			productName = GoogleMobileAds;
		};
/* End XCSwiftPackageProductDependency section */
	};
	rootObject = 7F47E932FC1EB0F9A85E9E58 /* Project object */;
}
